
Microsoft Visual Studio Solution File, Format Version 12.00
# Visual Studio Version 17
VisualStudioVersion = 17.12.35707.178 d17.12
MinimumVisualStudioVersion = 10.0.40219.1
Project("{8BC9CEB8-8B4A-11D0-8D11-00A0C91BC942}") = "gitpr6.1it", "gitpr6.1it.vcxproj", "{6DFCC091-3285-402A-B3EA-47E8A9C92339}"
EndProject
Project("{8BC9CEB8-8B4A-11D0-8D11-00A0C91BC942}") = "UnitTest2", "..\UnitTest2\UnitTest2.vcxproj", "{EA932872-50E2-40AF-82AB-94B59CAB9ADB}"
EndProject
Global
	GlobalSection(SolutionConfigurationPlatforms) = preSolution
		Debug|x64 = Debug|x64
		Debug|x86 = Debug|x86
		Release|x64 = Release|x64
		Release|x86 = Release|x86
	EndGlobalSection
	GlobalSection(ProjectConfigurationPlatforms) = postSolution
		{6DFCC091-3285-402A-B3EA-47E8A9C92339}.Debug|x64.ActiveCfg = Debug|x64
		{6DFCC091-3285-402A-B3EA-47E8A9C92339}.Debug|x64.Build.0 = Debug|x64
		{6DFCC091-3285-402A-B3EA-47E8A9C92339}.Debug|x86.ActiveCfg = Debug|Win32
		{6DFCC091-3285-402A-B3EA-47E8A9C92339}.Debug|x86.Build.0 = Debug|Win32
		{6DFCC091-3285-402A-B3EA-47E8A9C92339}.Release|x64.ActiveCfg = Release|x64
		{6DFCC091-3285-402A-B3EA-47E8A9C92339}.Release|x64.Build.0 = Release|x64
		{6DFCC091-3285-402A-B3EA-47E8A9C92339}.Release|x86.ActiveCfg = Release|Win32
		{6DFCC091-3285-402A-B3EA-47E8A9C92339}.Release|x86.Build.0 = Release|Win32
		{EA932872-50E2-40AF-82AB-94B59CAB9ADB}.Debug|x64.ActiveCfg = Debug|x64
		{EA932872-50E2-40AF-82AB-94B59CAB9ADB}.Debug|x64.Build.0 = Debug|x64
		{EA932872-50E2-40AF-82AB-94B59CAB9ADB}.Debug|x86.ActiveCfg = Debug|Win32
		{EA932872-50E2-40AF-82AB-94B59CAB9ADB}.Debug|x86.Build.0 = Debug|Win32
		{EA932872-50E2-40AF-82AB-94B59CAB9ADB}.Release|x64.ActiveCfg = Release|x64
		{EA932872-50E2-40AF-82AB-94B59CAB9ADB}.Release|x64.Build.0 = Release|x64
		{EA932872-50E2-40AF-82AB-94B59CAB9ADB}.Release|x86.ActiveCfg = Release|Win32
		{EA932872-50E2-40AF-82AB-94B59CAB9ADB}.Release|x86.Build.0 = Release|Win32
	EndGlobalSection
	GlobalSection(SolutionProperties) = preSolution
		HideSolutionNode = FALSE
	EndGlobalSection
EndGlobal
